github.com/RyanCarrier/dijkstra v1.3.0 h1:lqrLMwKy8PtyDpWqZpcbzr9KkqnLJrDdQ9u3iNyNxm8=
github.com/RyanCarrier/dijkstra v1.3.0/go.mod h1:9egjhC7eVsfREX6NrYS+1wHzk9C/9v2Cz26/bqpjjTc=
github.com/gammazero/deque v0.2.1 h1:qSdsbG6pgp6nL7A0+K/B7s12mcCY/5l5SIUpMOl+dC0=
github.com/gammazero/deque v0.2.1/go.mod h1:LFroj8x4cMYCukHJDbxFCkT+r9AndaJnFMuZDV34tuU=
